// !$*UTF8*$!
{
	archiveVersion = 1;
	classes = {
	};
	objectVersion = 56;
	objects = {

/* Begin PBXBuildFile section */
		0561F5632A6076EE00B70A20 /* AppDelegate.swift in Sources */ = {isa = PBXBuildFile; fileRef = 0561F5622A6076EE00B70A20 /* AppDelegate.swift */; };
		0561F5652A6076EE00B70A20 /* SceneDelegate.swift in Sources */ = {isa = PBXBuildFile; fileRef = 0561F5642A6076EE00B70A20 /* SceneDelegate.swift */; };
		0561F56A2A6076EE00B70A20 /* Main.storyboard in Resources */ = {isa = PBXBuildFile; fileRef = 0561F5682A6076EE00B70A20 /* Main.storyboard */; };
		0561F56C2A6076F000B70A20 /* Assets.xcassets in Resources */ = {isa = PBXBuildFile; fileRef = 0561F56B2A6076F000B70A20 /* Assets.xcassets */; };
		0561F56F2A6076F000B70A20 /* LaunchScreen.storyboard in Resources */ = {isa = PBXBuildFile; fileRef = 0561F56D2A6076F000B70A20 /* LaunchScreen.storyboard */; };
		0561F57F2A6079AA00B70A20 /* ProductsViewController.swift in Sources */ = {isa = PBXBuildFile; fileRef = 0561F57E2A6079AA00B70A20 /* ProductsViewController.swift */; };
		0561F5812A6079C500B70A20 /* ReportViewController.swift in Sources */ = {isa = PBXBuildFile; fileRef = 0561F5802A6079C500B70A20 /* ReportViewController.swift */; };
		0561F5832A6079D600B70A20 /* SettingsViewController.swift in Sources */ = {isa = PBXBuildFile; fileRef = 0561F5822A6079D600B70A20 /* SettingsViewController.swift */; };
		0561F5852A6079E900B70A20 /* BackupViewController.swift in Sources */ = {isa = PBXBuildFile; fileRef = 0561F5842A6079E900B70A20 /* BackupViewController.swift */; };
		0561F5872A607A0000B70A20 /* OnboardViewController.swift in Sources */ = {isa = PBXBuildFile; fileRef = 0561F5862A607A0000B70A20 /* OnboardViewController.swift */; };
		0561F5892A607CD600B70A20 /* ProductDetailsViewController.swift in Sources */ = {isa = PBXBuildFile; fileRef = 0561F5882A607CD600B70A20 /* ProductDetailsViewController.swift */; };
		0561F58B2A607CE700B70A20 /* AddProductViewController.swift in Sources */ = {isa = PBXBuildFile; fileRef = 0561F58A2A607CE700B70A20 /* AddProductViewController.swift */; };
		0561F58D2A607D1400B70A20 /* AccountSettingsViewController.swift in Sources */ = {isa = PBXBuildFile; fileRef = 0561F58C2A607D1400B70A20 /* AccountSettingsViewController.swift */; };
		0561F58F2A607D2C00B70A20 /* AboutSettingsViewController.swift in Sources */ = {isa = PBXBuildFile; fileRef = 0561F58E2A607D2C00B70A20 /* AboutSettingsViewController.swift */; };
		0561F5932A607D7600B70A20 /* BarcodeScannerViewController.swift in Sources */ = {isa = PBXBuildFile; fileRef = 0561F5922A607D7600B70A20 /* BarcodeScannerViewController.swift */; };
/* End PBXBuildFile section */

/* Begin PBXFileReference section */
		0561F55F2A6076EE00B70A20 /* inventoTrack.app */ = {isa = PBXFileReference; explicitFileType = wrapper.application; includeInIndex = 0; path = inventoTrack.app; sourceTree = BUILT_PRODUCTS_DIR; };
		0561F5622A6076EE00B70A20 /* AppDelegate.swift */ = {isa = PBXFileReference; lastKnownFileType = sourcecode.swift; path = AppDelegate.swift; sourceTree = "<group>"; };
		0561F5642A6076EE00B70A20 /* SceneDelegate.swift */ = {isa = PBXFileReference; lastKnownFileType = sourcecode.swift; path = SceneDelegate.swift; sourceTree = "<group>"; };
		0561F5692A6076EE00B70A20 /* Base */ = {isa = PBXFileReference; lastKnownFileType = file.storyboard; name = Base; path = Base.lproj/Main.storyboard; sourceTree = "<group>"; };
		0561F56B2A6076F000B70A20 /* Assets.xcassets */ = {isa = PBXFileReference; lastKnownFileType = folder.assetcatalog; path = Assets.xcassets; sourceTree = "<group>"; };
		0561F56E2A6076F000B70A20 /* Base */ = {isa = PBXFileReference; lastKnownFileType = file.storyboard; name = Base; path = Base.lproj/LaunchScreen.storyboard; sourceTree = "<group>"; };
		0561F5702A6076F000B70A20 /* Info.plist */ = {isa = PBXFileReference; lastKnownFileType = text.plist.xml; path = Info.plist; sourceTree = "<group>"; };
		0561F57E2A6079AA00B70A20 /* ProductsViewController.swift */ = {isa = PBXFileReference; lastKnownFileType = sourcecode.swift; path = ProductsViewController.swift; sourceTree = "<group>"; };
		0561F5802A6079C500B70A20 /* ReportViewController.swift */ = {isa = PBXFileReference; lastKnownFileType = sourcecode.swift; path = ReportViewController.swift; sourceTree = "<group>"; };
		0561F5822A6079D600B70A20 /* SettingsViewController.swift */ = {isa = PBXFileReference; lastKnownFileType = sourcecode.swift; path = SettingsViewController.swift; sourceTree = "<group>"; };
		0561F5842A6079E900B70A20 /* BackupViewController.swift */ = {isa = PBXFileReference; lastKnownFileType = sourcecode.swift; path = BackupViewController.swift; sourceTree = "<group>"; };
		0561F5862A607A0000B70A20 /* OnboardViewController.swift */ = {isa = PBXFileReference; lastKnownFileType = sourcecode.swift; path = OnboardViewController.swift; sourceTree = "<group>"; };
		0561F5882A607CD600B70A20 /* ProductDetailsViewController.swift */ = {isa = PBXFileReference; lastKnownFileType = sourcecode.swift; path = ProductDetailsViewController.swift; sourceTree = "<group>"; };
		0561F58A2A607CE700B70A20 /* AddProductViewController.swift */ = {isa = PBXFileReference; lastKnownFileType = sourcecode.swift; path = AddProductViewController.swift; sourceTree = "<group>"; };
		0561F58C2A607D1400B70A20 /* AccountSettingsViewController.swift */ = {isa = PBXFileReference; lastKnownFileType = sourcecode.swift; path = AccountSettingsViewController.swift; sourceTree = "<group>"; };
		0561F58E2A607D2C00B70A20 /* AboutSettingsViewController.swift */ = {isa = PBXFileReference; lastKnownFileType = sourcecode.swift; path = AboutSettingsViewController.swift; sourceTree = "<group>"; };
		0561F5922A607D7600B70A20 /* BarcodeScannerViewController.swift */ = {isa = PBXFileReference; lastKnownFileType = sourcecode.swift; path = BarcodeScannerViewController.swift; sourceTree = "<group>"; };
/* End PBXFileReference section */

/* Begin PBXFrameworksBuildPhase section */
		0561F55C2A6076EE00B70A20 /* Frameworks */ = {
			isa = PBXFrameworksBuildPhase;
			buildActionMask = 2147483647;
			files = (
			);
			runOnlyForDeploymentPostprocessing = 0;
		};
/* End PBXFrameworksBuildPhase section */

/* Begin PBXGroup section */
		0561F5562A6076EE00B70A20 = {
			isa = PBXGroup;
			children = (
				0561F5612A6076EE00B70A20 /* inventoTrack */,
				0561F5602A6076EE00B70A20 /* Products */,
			);
			sourceTree = "<group>";
		};
		0561F5602A6076EE00B70A20 /* Products */ = {
			isa = PBXGroup;
			children = (
				0561F55F2A6076EE00B70A20 /* inventoTrack.app */,
			);
			name = Products;
			sourceTree = "<group>";
		};
		0561F5612A6076EE00B70A20 /* inventoTrack */ = {
			isa = PBXGroup;
			children = (
				0561F57D2A60791300B70A20 /* Extra */,
				0561F57C2A6078FB00B70A20 /* Onboard */,
				0561F57B2A6078DE00B70A20 /* Backup */,
				0561F5792A6078C500B70A20 /* Settings */,
				0561F5782A6078BC00B70A20 /* Report */,
				0561F5772A6078B200B70A20 /* Products */,
				0561F5762A60773D00B70A20 /* Main */,
				0561F56B2A6076F000B70A20 /* Assets.xcassets */,
				0561F5702A6076F000B70A20 /* Info.plist */,
			);
			path = inventoTrack;
			sourceTree = "<group>";
		};
		0561F5762A60773D00B70A20 /* Main */ = {
			isa = PBXGroup;
			children = (
				0561F5622A6076EE00B70A20 /* AppDelegate.swift */,
				0561F5642A6076EE00B70A20 /* SceneDelegate.swift */,
				0561F5682A6076EE00B70A20 /* Main.storyboard */,
				0561F56D2A6076F000B70A20 /* LaunchScreen.storyboard */,
			);
			path = Main;
			sourceTree = "<group>";
		};
		0561F5772A6078B200B70A20 /* Products */ = {
			isa = PBXGroup;
			children = (
				0561F5912A607D5400B70A20 /* Data */,
				0561F5902A607D4800B70A20 /* Barcode */,
				0561F57E2A6079AA00B70A20 /* ProductsViewController.swift */,
				0561F5882A607CD600B70A20 /* ProductDetailsViewController.swift */,
				0561F58A2A607CE700B70A20 /* AddProductViewController.swift */,
			);
			path = Products;
			sourceTree = "<group>";
		};
		0561F5782A6078BC00B70A20 /* Report */ = {
			isa = PBXGroup;
			children = (
				0561F5802A6079C500B70A20 /* ReportViewController.swift */,
			);
			path = Report;
			sourceTree = "<group>";
		};
		0561F5792A6078C500B70A20 /* Settings */ = {
			isa = PBXGroup;
			children = (
				0561F5822A6079D600B70A20 /* SettingsViewController.swift */,
				0561F58C2A607D1400B70A20 /* AccountSettingsViewController.swift */,
				0561F58E2A607D2C00B70A20 /* AboutSettingsViewController.swift */,
			);
			path = Settings;
			sourceTree = "<group>";
		};
		0561F57B2A6078DE00B70A20 /* Backup */ = {
			isa = PBXGroup;
			children = (
				0561F5842A6079E900B70A20 /* BackupViewController.swift */,
			);
			path = Backup;
			sourceTree = "<group>";
		};
		0561F57C2A6078FB00B70A20 /* Onboard */ = {
			isa = PBXGroup;
			children = (
				0561F5862A607A0000B70A20 /* OnboardViewController.swift */,
			);
			path = Onboard;
			sourceTree = "<group>";
		};
		0561F57D2A60791300B70A20 /* Extra */ = {
			isa = PBXGroup;
			children = (
			);
			path = Extra;
			sourceTree = "<group>";
		};
		0561F5902A607D4800B70A20 /* Barcode */ = {
			isa = PBXGroup;
			children = (
				0561F5922A607D7600B70A20 /* BarcodeScannerViewController.swift */,
			);
			path = Barcode;
			sourceTree = "<group>";
		};
		0561F5912A607D5400B70A20 /* Data */ = {
			isa = PBXGroup;
			children = (
			);
			path = Data;
			sourceTree = "<group>";
		};
/* End PBXGroup section */

/* Begin PBXNativeTarget section */
		0561F55E2A6076EE00B70A20 /* inventoTrack */ = {
			isa = PBXNativeTarget;
			buildConfigurationList = 0561F5732A6076F000B70A20 /* Build configuration list for PBXNativeTarget "inventoTrack" */;
			buildPhases = (
				0561F55B2A6076EE00B70A20 /* Sources */,
				0561F55C2A6076EE00B70A20 /* Frameworks */,
				0561F55D2A6076EE00B70A20 /* Resources */,
			);
			buildRules = (
			);
			dependencies = (
			);
			name = inventoTrack;
			productName = inventoTrack;
			productReference = 0561F55F2A6076EE00B70A20 /* inventoTrack.app */;
			productType = "com.apple.product-type.application";
		};
/* End PBXNativeTarget section */

/* Begin PBXProject section */
		0561F5572A6076EE00B70A20 /* Project object */ = {
			isa = PBXProject;
			attributes = {
				BuildIndependentTargetsInParallel = 1;
				LastSwiftUpdateCheck = 1430;
				LastUpgradeCheck = 1430;
				TargetAttributes = {
					0561F55E2A6076EE00B70A20 = {
						CreatedOnToolsVersion = 14.3;
					};
				};
			};
			buildConfigurationList = 0561F55A2A6076EE00B70A20 /* Build configuration list for PBXProject "inventoTrack" */;
			compatibilityVersion = "Xcode 14.0";
			developmentRegion = en;
			hasScannedForEncodings = 0;
			knownRegions = (
				en,
				Base,
			);
			mainGroup = 0561F5562A6076EE00B70A20;
			productRefGroup = 0561F5602A6076EE00B70A20 /* Products */;
			projectDirPath = "";
			projectRoot = "";
			targets = (
				0561F55E2A6076EE00B70A20 /* inventoTrack */,
			);
		};
/* End PBXProject section */

/* Begin PBXResourcesBuildPhase section */
		0561F55D2A6076EE00B70A20 /* Resources */ = {
			isa = PBXResourcesBuildPhase;
			buildActionMask = 2147483647;
			files = (
				0561F56F2A6076F000B70A20 /* LaunchScreen.storyboard in Resources */,
				0561F56C2A6076F000B70A20 /* Assets.xcassets in Resources */,
				0561F56A2A6076EE00B70A20 /* Main.storyboard in Resources */,
			);
			runOnlyForDeploymentPostprocessing = 0;
		};
/* End PBXResourcesBuildPhase section */

/* Begin PBXSourcesBuildPhase section */
		0561F55B2A6076EE00B70A20 /* Sources */ = {
			isa = PBXSourcesBuildPhase;
			buildActionMask = 2147483647;
			files = (
				0561F5852A6079E900B70A20 /* BackupViewController.swift in Sources */,
				0561F58F2A607D2C00B70A20 /* AboutSettingsViewController.swift in Sources */,
				0561F5932A607D7600B70A20 /* BarcodeScannerViewController.swift in Sources */,
				0561F5872A607A0000B70A20 /* OnboardViewController.swift in Sources */,
				0561F5632A6076EE00B70A20 /* AppDelegate.swift in Sources */,
				0561F57F2A6079AA00B70A20 /* ProductsViewController.swift in Sources */,
				0561F5812A6079C500B70A20 /* ReportViewController.swift in Sources */,
				0561F5652A6076EE00B70A20 /* SceneDelegate.swift in Sources */,
				0561F5832A6079D600B70A20 /* SettingsViewController.swift in Sources */,
				0561F58D2A607D1400B70A20 /* AccountSettingsViewController.swift in Sources */,
				0561F5892A607CD600B70A20 /* ProductDetailsViewController.swift in Sources */,
				0561F58B2A607CE700B70A20 /* AddProductViewController.swift in Sources */,
			);
			runOnlyForDeploymentPostprocessing = 0;
		};
/* End PBXSourcesBuildPhase section */

/* Begin PBXVariantGroup section */
		0561F5682A6076EE00B70A20 /* Main.storyboard */ = {
			isa = PBXVariantGroup;
			children = (
				0561F5692A6076EE00B70A20 /* Base */,
			);
			name = Main.storyboard;
			sourceTree = "<group>";
		};
		0561F56D2A6076F000B70A20 /* LaunchScreen.storyboard */ = {
			isa = PBXVariantGroup;
			children = (
				0561F56E2A6076F000B70A20 /* Base */,
			);
			name = LaunchScreen.storyboard;
			sourceTree = "<group>";
		};
/* End PBXVariantGroup section */

/* Begin XCBuildConfiguration section */
		0561F5712A6076F000B70A20 /* Debug */ = {
			isa = XCBuildConfiguration;
			buildSettings = {
				ALWAYS_SEARCH_USER_PATHS = NO;
				CLANG_ANALYZER_NONNULL = YES;
				CLANG_ANALYZER_NUMBER_OBJECT_CONVERSION = YES_AGGRESSIVE;
				CLANG_CXX_LANGUAGE_STANDARD = "gnu++20";
				CLANG_ENABLE_MODULES = YES;
				CLANG_ENABLE_OBJC_ARC = YES;
				CLANG_ENABLE_OBJC_WEAK = YES;
				CLANG_WARN_BLOCK_CAPTURE_AUTORELEASING = YES;
				CLANG_WARN_BOOL_CONVERSION = YES;
				CLANG_WARN_COMMA = YES;
				CLANG_WARN_CONSTANT_CONVERSION = YES;
				CLANG_WARN_DEPRECATED_OBJC_IMPLEMENTATIONS = YES;
				CLANG_WARN_DIRECT_OBJC_ISA_USAGE = YES_ERROR;
				CLANG_WARN_DOCUMENTATION_COMMENTS = YES;
				CLANG_WARN_EMPTY_BODY = YES;
				CLANG_WARN_ENUM_CONVERSION = YES;
				CLANG_WARN_INFINITE_RECURSION = YES;
				CLANG_WARN_INT_CONVERSION = YES;
				CLANG_WARN_NON_LITERAL_NULL_CONVERSION = YES;
				CLANG_WARN_OBJC_IMPLICIT_RETAIN_SELF = YES;
				CLANG_WARN_OBJC_LITERAL_CONVERSION = YES;
				CLANG_WARN_OBJC_ROOT_CLASS = YES_ERROR;
				CLANG_WARN_QUOTED_INCLUDE_IN_FRAMEWORK_HEADER = YES;
				CLANG_WARN_RANGE_LOOP_ANALYSIS = YES;
				CLANG_WARN_STRICT_PROTOTYPES = YES;
				CLANG_WARN_SUSPICIOUS_MOVE = YES;
				CLANG_WARN_UNGUARDED_AVAILABILITY = YES_AGGRESSIVE;
				CLANG_WARN_UNREACHABLE_CODE = YES;
				CLANG_WARN__DUPLICATE_METHOD_MATCH = YES;
				COPY_PHASE_STRIP = NO;
				DEBUG_INFORMATION_FORMAT = dwarf;
				ENABLE_STRICT_OBJC_MSGSEND = YES;
				ENABLE_TESTABILITY = YES;
				GCC_C_LANGUAGE_STANDARD = gnu11;
				GCC_DYNAMIC_NO_PIC = NO;
				GCC_NO_COMMON_BLOCKS = YES;
				GCC_OPTIMIZATION_LEVEL = 0;
				GCC_PREPROCESSOR_DEFINITIONS = (
					"DEBUG=1",
					"$(inherited)",
				);
				GCC_WARN_64_TO_32_BIT_CONVERSION = YES;
				GCC_WARN_ABOUT_RETURN_TYPE = YES_ERROR;
				GCC_WARN_UNDECLARED_SELECTOR = YES;
				GCC_WARN_UNINITIALIZED_AUTOS = YES_AGGRESSIVE;
				GCC_WARN_UNUSED_FUNCTION = YES;
				GCC_WARN_UNUSED_VARIABLE = YES;
				IPHONEOS_DEPLOYMENT_TARGET = 16.4;
				MTL_ENABLE_DEBUG_INFO = INCLUDE_SOURCE;
				MTL_FAST_MATH = YES;
				ONLY_ACTIVE_ARCH = YES;
				SDKROOT = iphoneos;
				SWIFT_ACTIVE_COMPILATION_CONDITIONS = DEBUG;
				SWIFT_OPTIMIZATION_LEVEL = "-Onone";
			};
			name = Debug;
		};
		0561F5722A6076F000B70A20 /* Release */ = {
			isa = XCBuildConfiguration;
			buildSettings = {
				ALWAYS_SEARCH_USER_PATHS = NO;
				CLANG_ANALYZER_NONNULL = YES;
				CLANG_ANALYZER_NUMBER_OBJECT_CONVERSION = YES_AGGRESSIVE;
				CLANG_CXX_LANGUAGE_STANDARD = "gnu++20";
				CLANG_ENABLE_MODULES = YES;
				CLANG_ENABLE_OBJC_ARC = YES;
				CLANG_ENABLE_OBJC_WEAK = YES;
				CLANG_WARN_BLOCK_CAPTURE_AUTORELEASING = YES;
				CLANG_WARN_BOOL_CONVERSION = YES;
				CLANG_WARN_COMMA = YES;
				CLANG_WARN_CONSTANT_CONVERSION = YES;
				CLANG_WARN_DEPRECATED_OBJC_IMPLEMENTATIONS = YES;
				CLANG_WARN_DIRECT_OBJC_ISA_USAGE = YES_ERROR;
				CLANG_WARN_DOCUMENTATION_COMMENTS = YES;
				CLANG_WARN_EMPTY_BODY = YES;
				CLANG_WARN_ENUM_CONVERSION = YES;
				CLANG_WARN_INFINITE_RECURSION = YES;
				CLANG_WARN_INT_CONVERSION = YES;
				CLANG_WARN_NON_LITERAL_NULL_CONVERSION = YES;
				CLANG_WARN_OBJC_IMPLICIT_RETAIN_SELF = YES;
				CLANG_WARN_OBJC_LITERAL_CONVERSION = YES;
				CLANG_WARN_OBJC_ROOT_CLASS = YES_ERROR;
				CLANG_WARN_QUOTED_INCLUDE_IN_FRAMEWORK_HEADER = YES;
				CLANG_WARN_RANGE_LOOP_ANALYSIS = YES;
				CLANG_WARN_STRICT_PROTOTYPES = YES;
				CLANG_WARN_SUSPICIOUS_MOVE = YES;
				CLANG_WARN_UNGUARDED_AVAILABILITY = YES_AGGRESSIVE;
				CLANG_WARN_UNREACHABLE_CODE = YES;
				CLANG_WARN__DUPLICATE_METHOD_MATCH = YES;
				COPY_PHASE_STRIP = NO;
				DEBUG_INFORMATION_FORMAT = "dwarf-with-dsym";
				ENABLE_NS_ASSERTIONS = NO;
				ENABLE_STRICT_OBJC_MSGSEND = YES;
				GCC_C_LANGUAGE_STANDARD = gnu11;
				GCC_NO_COMMON_BLOCKS = YES;
				GCC_WARN_64_TO_32_BIT_CONVERSION = YES;
				GCC_WARN_ABOUT_RETURN_TYPE = YES_ERROR;
				GCC_WARN_UNDECLARED_SELECTOR = YES;
				GCC_WARN_UNINITIALIZED_AUTOS = YES_AGGRESSIVE;
				GCC_WARN_UNUSED_FUNCTION = YES;
				GCC_WARN_UNUSED_VARIABLE = YES;
				IPHONEOS_DEPLOYMENT_TARGET = 16.4;
				MTL_ENABLE_DEBUG_INFO = NO;
				MTL_FAST_MATH = YES;
				SDKROOT = iphoneos;
				SWIFT_COMPILATION_MODE = wholemodule;
				SWIFT_OPTIMIZATION_LEVEL = "-O";
				VALIDATE_PRODUCT = YES;
			};
			name = Release;
		};
		0561F5742A6076F000B70A20 /* Debug */ = {
			isa = XCBuildConfiguration;
			buildSettings = {
				ASSETCATALOG_COMPILER_APPICON_NAME = AppIcon;
				ASSETCATALOG_COMPILER_GLOBAL_ACCENT_COLOR_NAME = AccentColor;
				CODE_SIGN_STYLE = Automatic;
				CURRENT_PROJECT_VERSION = 1;
				DEVELOPMENT_TEAM = 8V9ML7HL9W;
				GENERATE_INFOPLIST_FILE = YES;
				INFOPLIST_FILE = inventoTrack/Info.plist;
				INFOPLIST_KEY_UIApplicationSupportsIndirectInputEvents = YES;
				INFOPLIST_KEY_UILaunchStoryboardName = LaunchScreen;
				INFOPLIST_KEY_UIMainStoryboardFile = Main;
				INFOPLIST_KEY_UISupportedInterfaceOrientations_iPad = "UIInterfaceOrientationPortrait UIInterfaceOrientationPortraitUpsideDown UIInterfaceOrientationLandscapeLeft UIInterfaceOrientationLandscapeRight";
				INFOPLIST_KEY_UISupportedInterfaceOrientations_iPhone = "UIInterfaceOrientationPortrait UIInterfaceOrientationLandscapeLeft UIInterfaceOrientationLandscapeRight";
				LD_RUNPATH_SEARCH_PATHS = (
					"$(inherited)",
					"@executable_path/Frameworks",
				);
				MARKETING_VERSION = 1.0;
				PRODUCT_BUNDLE_IDENTIFIER = jcdevworks.inventoTrack;
				PRODUCT_NAME = "$(TARGET_NAME)";
				SWIFT_EMIT_LOC_STRINGS = YES;
				SWIFT_VERSION = 5.0;
				TARGETED_DEVICE_FAMILY = "1,2";
			};
			name = Debug;
		};
		0561F5752A6076F000B70A20 /* Release */ = {
			isa = XCBuildConfiguration;
			buildSettings = {
				ASSETCATALOG_COMPILER_APPICON_NAME = AppIcon;
				ASSETCATALOG_COMPILER_GLOBAL_ACCENT_COLOR_NAME = AccentColor;
				CODE_SIGN_STYLE = Automatic;
				CURRENT_PROJECT_VERSION = 1;
				DEVELOPMENT_TEAM = 8V9ML7HL9W;
				GENERATE_INFOPLIST_FILE = YES;
				INFOPLIST_FILE = inventoTrack/Info.plist;
				INFOPLIST_KEY_UIApplicationSupportsIndirectInputEvents = YES;
				INFOPLIST_KEY_UILaunchStoryboardName = LaunchScreen;
				INFOPLIST_KEY_UIMainStoryboardFile = Main;
				INFOPLIST_KEY_UISupportedInterfaceOrientations_iPad = "UIInterfaceOrientationPortrait UIInterfaceOrientationPortraitUpsideDown UIInterfaceOrientationLandscapeLeft UIInterfaceOrientationLandscapeRight";
				INFOPLIST_KEY_UISupportedInterfaceOrientations_iPhone = "UIInterfaceOrientationPortrait UIInterfaceOrientationLandscapeLeft UIInterfaceOrientationLandscapeRight";
				LD_RUNPATH_SEARCH_PATHS = (
					"$(inherited)",
					"@executable_path/Frameworks",
				);
				MARKETING_VERSION = 1.0;
				PRODUCT_BUNDLE_IDENTIFIER = jcdevworks.inventoTrack;
				PRODUCT_NAME = "$(TARGET_NAME)";
				SWIFT_EMIT_LOC_STRINGS = YES;
				SWIFT_VERSION = 5.0;
				TARGETED_DEVICE_FAMILY = "1,2";
			};
			name = Release;
		};
/* End XCBuildConfiguration section */

/* Begin XCConfigurationList section */
		0561F55A2A6076EE00B70A20 /* Build configuration list for PBXProject "inventoTrack" */ = {
			isa = XCConfigurationList;
			buildConfigurations = (
				0561F5712A6076F000B70A20 /* Debug */,
				0561F5722A6076F000B70A20 /* Release */,
			);
			defaultConfigurationIsVisible = 0;
			defaultConfigurationName = Release;
		};
		0561F5732A6076F000B70A20 /* Build configuration list for PBXNativeTarget "inventoTrack" */ = {
			isa = XCConfigurationList;
			buildConfigurations = (
				0561F5742A6076F000B70A20 /* Debug */,
				0561F5752A6076F000B70A20 /* Release */,
			);
			defaultConfigurationIsVisible = 0;
			defaultConfigurationName = Release;
		};
/* End XCConfigurationList section */
	};
	rootObject = 0561F5572A6076EE00B70A20 /* Project object */;
}
