// !$*UTF8*$!
{
	archiveVersion = 1;
	classes = {
	};
	objectVersion = 56;
	objects = {

/* Begin PBXBuildFile section */
		055537262A6A1513001DE13C /* ProductsViewModel.swift in Sources */ = {isa = PBXBuildFile; fileRef = 055537252A6A1513001DE13C /* ProductsViewModel.swift */; };
		0555372A2A6C33D5001DE13C /* ProductsViewControllerExtension.swift in Sources */ = {isa = PBXBuildFile; fileRef = 055537292A6C33D5001DE13C /* ProductsViewControllerExtension.swift */; };
		0555372C2A6C53C4001DE13C /* ProductsModel.swift in Sources */ = {isa = PBXBuildFile; fileRef = 0555372B2A6C53C4001DE13C /* ProductsModel.swift */; };
		055BFACE2A68A52C00B61302 /* GoogleSignIn in Frameworks */ = {isa = PBXBuildFile; productRef = 055BFACD2A68A52C00B61302 /* GoogleSignIn */; };
		055BFAD02A68A52C00B61302 /* GoogleSignInSwift in Frameworks */ = {isa = PBXBuildFile; productRef = 055BFACF2A68A52C00B61302 /* GoogleSignInSwift */; };
		055BFAD32A68A64000B61302 /* DGCharts in Frameworks */ = {isa = PBXBuildFile; productRef = 055BFAD22A68A64000B61302 /* DGCharts */; };
		0561F5632A6076EE00B70A20 /* AppDelegate.swift in Sources */ = {isa = PBXBuildFile; fileRef = 0561F5622A6076EE00B70A20 /* AppDelegate.swift */; };
		0561F5652A6076EE00B70A20 /* SceneDelegate.swift in Sources */ = {isa = PBXBuildFile; fileRef = 0561F5642A6076EE00B70A20 /* SceneDelegate.swift */; };
		0561F56A2A6076EE00B70A20 /* Main.storyboard in Resources */ = {isa = PBXBuildFile; fileRef = 0561F5682A6076EE00B70A20 /* Main.storyboard */; };
		0561F56C2A6076F000B70A20 /* Assets.xcassets in Resources */ = {isa = PBXBuildFile; fileRef = 0561F56B2A6076F000B70A20 /* Assets.xcassets */; };
		0561F56F2A6076F000B70A20 /* LaunchScreen.storyboard in Resources */ = {isa = PBXBuildFile; fileRef = 0561F56D2A6076F000B70A20 /* LaunchScreen.storyboard */; };
		0561F57F2A6079AA00B70A20 /* ProductsViewController.swift in Sources */ = {isa = PBXBuildFile; fileRef = 0561F57E2A6079AA00B70A20 /* ProductsViewController.swift */; };
		0561F5812A6079C500B70A20 /* ReportViewController.swift in Sources */ = {isa = PBXBuildFile; fileRef = 0561F5802A6079C500B70A20 /* ReportViewController.swift */; };
		0561F5832A6079D600B70A20 /* SettingsViewController.swift in Sources */ = {isa = PBXBuildFile; fileRef = 0561F5822A6079D600B70A20 /* SettingsViewController.swift */; };
		0561F5852A6079E900B70A20 /* BackupViewController.swift in Sources */ = {isa = PBXBuildFile; fileRef = 0561F5842A6079E900B70A20 /* BackupViewController.swift */; };
		0561F5872A607A0000B70A20 /* OnboardViewController.swift in Sources */ = {isa = PBXBuildFile; fileRef = 0561F5862A607A0000B70A20 /* OnboardViewController.swift */; };
		0561F5892A607CD600B70A20 /* ProductDetailsViewController.swift in Sources */ = {isa = PBXBuildFile; fileRef = 0561F5882A607CD600B70A20 /* ProductDetailsViewController.swift */; };
		0561F58B2A607CE700B70A20 /* AddProductViewController.swift in Sources */ = {isa = PBXBuildFile; fileRef = 0561F58A2A607CE700B70A20 /* AddProductViewController.swift */; };
		0561F58D2A607D1400B70A20 /* AccountSettingsViewController.swift in Sources */ = {isa = PBXBuildFile; fileRef = 0561F58C2A607D1400B70A20 /* AccountSettingsViewController.swift */; };
		0561F58F2A607D2C00B70A20 /* AboutSettingsViewController.swift in Sources */ = {isa = PBXBuildFile; fileRef = 0561F58E2A607D2C00B70A20 /* AboutSettingsViewController.swift */; };
		0561F5932A607D7600B70A20 /* BarcodeScannerViewController.swift in Sources */ = {isa = PBXBuildFile; fileRef = 0561F5922A607D7600B70A20 /* BarcodeScannerViewController.swift */; };
		0561F5952A60C53A00B70A20 /* OnboardCollectionViewCell.swift in Sources */ = {isa = PBXBuildFile; fileRef = 0561F5942A60C53A00B70A20 /* OnboardCollectionViewCell.swift */; };
		0561F5982A60DD8500B70A20 /* HomeViewController.swift in Sources */ = {isa = PBXBuildFile; fileRef = 0561F5972A60DD8500B70A20 /* HomeViewController.swift */; };
		0561F59B2A60E58D00B70A20 /* ProductCollectionViewCell.swift in Sources */ = {isa = PBXBuildFile; fileRef = 0561F5992A60E58D00B70A20 /* ProductCollectionViewCell.swift */; };
		0561F59C2A60E58D00B70A20 /* ProductCollectionViewCell.xib in Resources */ = {isa = PBXBuildFile; fileRef = 0561F59A2A60E58D00B70A20 /* ProductCollectionViewCell.xib */; };
		0561F59E2A60ECFC00B70A20 /* PaddingLabel.swift in Sources */ = {isa = PBXBuildFile; fileRef = 0561F59D2A60ECFC00B70A20 /* PaddingLabel.swift */; };
		0561F5A12A6102CA00B70A20 /* ProductTableViewCell.swift in Sources */ = {isa = PBXBuildFile; fileRef = 0561F59F2A6102CA00B70A20 /* ProductTableViewCell.swift */; };
		0561F5A22A6102CA00B70A20 /* ProductTableViewCell.xib in Resources */ = {isa = PBXBuildFile; fileRef = 0561F5A02A6102CA00B70A20 /* ProductTableViewCell.xib */; };
		0561F5A62A610B6F00B70A20 /* MyProducts.xcdatamodeld in Sources */ = {isa = PBXBuildFile; fileRef = 0561F5A42A610B6F00B70A20 /* MyProducts.xcdatamodeld */; };
		0561F5AD2A610D0B00B70A20 /* Product+CoreDataClass.swift in Sources */ = {isa = PBXBuildFile; fileRef = 0561F5A72A610D0B00B70A20 /* Product+CoreDataClass.swift */; };
		0561F5AE2A610D0B00B70A20 /* Product+CoreDataProperties.swift in Sources */ = {isa = PBXBuildFile; fileRef = 0561F5A82A610D0B00B70A20 /* Product+CoreDataProperties.swift */; };
		0561F5B42A610D6F00B70A20 /* CoreDataManager.swift in Sources */ = {isa = PBXBuildFile; fileRef = 0561F5B32A610D6F00B70A20 /* CoreDataManager.swift */; };
		05CD1D102A6F6AE70045ABB7 /* AddProductViewModel.swift in Sources */ = {isa = PBXBuildFile; fileRef = 05CD1D0F2A6F6AE70045ABB7 /* AddProductViewModel.swift */; };
		05CD1D122A717B4B0045ABB7 /* BackupViewModel.swift in Sources */ = {isa = PBXBuildFile; fileRef = 05CD1D112A717B4B0045ABB7 /* BackupViewModel.swift */; };
/* End PBXBuildFile section */

/* Begin PBXFileReference section */
		055537252A6A1513001DE13C /* ProductsViewModel.swift */ = {isa = PBXFileReference; lastKnownFileType = sourcecode.swift; path = ProductsViewModel.swift; sourceTree = "<group>"; };
		055537292A6C33D5001DE13C /* ProductsViewControllerExtension.swift */ = {isa = PBXFileReference; lastKnownFileType = sourcecode.swift; path = ProductsViewControllerExtension.swift; sourceTree = "<group>"; };
		0555372B2A6C53C4001DE13C /* ProductsModel.swift */ = {isa = PBXFileReference; lastKnownFileType = sourcecode.swift; path = ProductsModel.swift; sourceTree = "<group>"; };
		0561F55F2A6076EE00B70A20 /* inventoTrack.app */ = {isa = PBXFileReference; explicitFileType = wrapper.application; includeInIndex = 0; path = inventoTrack.app; sourceTree = BUILT_PRODUCTS_DIR; };
		0561F5622A6076EE00B70A20 /* AppDelegate.swift */ = {isa = PBXFileReference; lastKnownFileType = sourcecode.swift; path = AppDelegate.swift; sourceTree = "<group>"; };
		0561F5642A6076EE00B70A20 /* SceneDelegate.swift */ = {isa = PBXFileReference; lastKnownFileType = sourcecode.swift; path = SceneDelegate.swift; sourceTree = "<group>"; };
		0561F5692A6076EE00B70A20 /* Base */ = {isa = PBXFileReference; lastKnownFileType = file.storyboard; name = Base; path = Base.lproj/Main.storyboard; sourceTree = "<group>"; };
		0561F56B2A6076F000B70A20 /* Assets.xcassets */ = {isa = PBXFileReference; lastKnownFileType = folder.assetcatalog; path = Assets.xcassets; sourceTree = "<group>"; };
		0561F56E2A6076F000B70A20 /* Base */ = {isa = PBXFileReference; lastKnownFileType = file.storyboard; name = Base; path = Base.lproj/LaunchScreen.storyboard; sourceTree = "<group>"; };
		0561F5702A6076F000B70A20 /* Info.plist */ = {isa = PBXFileReference; lastKnownFileType = text.plist.xml; path = Info.plist; sourceTree = "<group>"; };
		0561F57E2A6079AA00B70A20 /* ProductsViewController.swift */ = {isa = PBXFileReference; lastKnownFileType = sourcecode.swift; path = ProductsViewController.swift; sourceTree = "<group>"; };
		0561F5802A6079C500B70A20 /* ReportViewController.swift */ = {isa = PBXFileReference; lastKnownFileType = sourcecode.swift; path = ReportViewController.swift; sourceTree = "<group>"; };
		0561F5822A6079D600B70A20 /* SettingsViewController.swift */ = {isa = PBXFileReference; lastKnownFileType = sourcecode.swift; path = SettingsViewController.swift; sourceTree = "<group>"; };
		0561F5842A6079E900B70A20 /* BackupViewController.swift */ = {isa = PBXFileReference; lastKnownFileType = sourcecode.swift; path = BackupViewController.swift; sourceTree = "<group>"; };
		0561F5862A607A0000B70A20 /* OnboardViewController.swift */ = {isa = PBXFileReference; lastKnownFileType = sourcecode.swift; path = OnboardViewController.swift; sourceTree = "<group>"; };
		0561F5882A607CD600B70A20 /* ProductDetailsViewController.swift */ = {isa = PBXFileReference; lastKnownFileType = sourcecode.swift; path = ProductDetailsViewController.swift; sourceTree = "<group>"; };
		0561F58A2A607CE700B70A20 /* AddProductViewController.swift */ = {isa = PBXFileReference; lastKnownFileType = sourcecode.swift; path = AddProductViewController.swift; sourceTree = "<group>"; };
		0561F58C2A607D1400B70A20 /* AccountSettingsViewController.swift */ = {isa = PBXFileReference; lastKnownFileType = sourcecode.swift; path = AccountSettingsViewController.swift; sourceTree = "<group>"; };
		0561F58E2A607D2C00B70A20 /* AboutSettingsViewController.swift */ = {isa = PBXFileReference; lastKnownFileType = sourcecode.swift; path = AboutSettingsViewController.swift; sourceTree = "<group>"; };
		0561F5922A607D7600B70A20 /* BarcodeScannerViewController.swift */ = {isa = PBXFileReference; lastKnownFileType = sourcecode.swift; path = BarcodeScannerViewController.swift; sourceTree = "<group>"; };
		0561F5942A60C53A00B70A20 /* OnboardCollectionViewCell.swift */ = {isa = PBXFileReference; lastKnownFileType = sourcecode.swift; path = OnboardCollectionViewCell.swift; sourceTree = "<group>"; };
		0561F5972A60DD8500B70A20 /* HomeViewController.swift */ = {isa = PBXFileReference; lastKnownFileType = sourcecode.swift; path = HomeViewController.swift; sourceTree = "<group>"; };
		0561F5992A60E58D00B70A20 /* ProductCollectionViewCell.swift */ = {isa = PBXFileReference; lastKnownFileType = sourcecode.swift; path = ProductCollectionViewCell.swift; sourceTree = "<group>"; };
		0561F59A2A60E58D00B70A20 /* ProductCollectionViewCell.xib */ = {isa = PBXFileReference; lastKnownFileType = file.xib; path = ProductCollectionViewCell.xib; sourceTree = "<group>"; };
		0561F59D2A60ECFC00B70A20 /* PaddingLabel.swift */ = {isa = PBXFileReference; lastKnownFileType = sourcecode.swift; path = PaddingLabel.swift; sourceTree = "<group>"; };
		0561F59F2A6102CA00B70A20 /* ProductTableViewCell.swift */ = {isa = PBXFileReference; lastKnownFileType = sourcecode.swift; path = ProductTableViewCell.swift; sourceTree = "<group>"; };
		0561F5A02A6102CA00B70A20 /* ProductTableViewCell.xib */ = {isa = PBXFileReference; lastKnownFileType = file.xib; path = ProductTableViewCell.xib; sourceTree = "<group>"; };
		0561F5A52A610B6F00B70A20 /* MyProducts.xcdatamodel */ = {isa = PBXFileReference; lastKnownFileType = wrapper.xcdatamodel; path = MyProducts.xcdatamodel; sourceTree = "<group>"; };
		0561F5A72A610D0B00B70A20 /* Product+CoreDataClass.swift */ = {isa = PBXFileReference; lastKnownFileType = sourcecode.swift; path = "Product+CoreDataClass.swift"; sourceTree = "<group>"; };
		0561F5A82A610D0B00B70A20 /* Product+CoreDataProperties.swift */ = {isa = PBXFileReference; lastKnownFileType = sourcecode.swift; path = "Product+CoreDataProperties.swift"; sourceTree = "<group>"; };
		0561F5B32A610D6F00B70A20 /* CoreDataManager.swift */ = {isa = PBXFileReference; lastKnownFileType = sourcecode.swift; path = CoreDataManager.swift; sourceTree = "<group>"; };
		05CD1D0F2A6F6AE70045ABB7 /* AddProductViewModel.swift */ = {isa = PBXFileReference; lastKnownFileType = sourcecode.swift; path = AddProductViewModel.swift; sourceTree = "<group>"; };
		05CD1D112A717B4B0045ABB7 /* BackupViewModel.swift */ = {isa = PBXFileReference; lastKnownFileType = sourcecode.swift; path = BackupViewModel.swift; sourceTree = "<group>"; };
/* End PBXFileReference section */

/* Begin PBXFrameworksBuildPhase section */
		0561F55C2A6076EE00B70A20 /* Frameworks */ = {
			isa = PBXFrameworksBuildPhase;
			buildActionMask = 2147483647;
			files = (
				055BFACE2A68A52C00B61302 /* GoogleSignIn in Frameworks */,
				055BFAD32A68A64000B61302 /* DGCharts in Frameworks */,
				055BFAD02A68A52C00B61302 /* GoogleSignInSwift in Frameworks */,
			);
			runOnlyForDeploymentPostprocessing = 0;
		};
/* End PBXFrameworksBuildPhase section */

/* Begin PBXGroup section */
		055537242A6A14D7001DE13C /* Products View */ = {
			isa = PBXGroup;
			children = (
				0561F57E2A6079AA00B70A20 /* ProductsViewController.swift */,
				055537252A6A1513001DE13C /* ProductsViewModel.swift */,
				055537292A6C33D5001DE13C /* ProductsViewControllerExtension.swift */,
				0555372B2A6C53C4001DE13C /* ProductsModel.swift */,
			);
			path = "Products View";
			sourceTree = "<group>";
		};
		055537272A6A3AEE001DE13C /* Product Details View */ = {
			isa = PBXGroup;
			children = (
				0561F5882A607CD600B70A20 /* ProductDetailsViewController.swift */,
			);
			path = "Product Details View";
			sourceTree = "<group>";
		};
		055537282A6A3AFD001DE13C /* Add Product View */ = {
			isa = PBXGroup;
			children = (
				0561F58A2A607CE700B70A20 /* AddProductViewController.swift */,
				05CD1D0F2A6F6AE70045ABB7 /* AddProductViewModel.swift */,
			);
			path = "Add Product View";
			sourceTree = "<group>";
		};
		0561F5562A6076EE00B70A20 = {
			isa = PBXGroup;
			children = (
				0561F5612A6076EE00B70A20 /* inventoTrack */,
				0561F5602A6076EE00B70A20 /* Products */,
			);
			sourceTree = "<group>";
		};
		0561F5602A6076EE00B70A20 /* Products */ = {
			isa = PBXGroup;
			children = (
				0561F55F2A6076EE00B70A20 /* inventoTrack.app */,
			);
			name = Products;
			sourceTree = "<group>";
		};
		0561F5612A6076EE00B70A20 /* inventoTrack */ = {
			isa = PBXGroup;
			children = (
				0561F5962A60DD5E00B70A20 /* Home */,
				0561F57D2A60791300B70A20 /* Extra */,
				0561F57C2A6078FB00B70A20 /* Onboard */,
				0561F57B2A6078DE00B70A20 /* Backup */,
				0561F5792A6078C500B70A20 /* Settings */,
				0561F5782A6078BC00B70A20 /* Report */,
				0561F5772A6078B200B70A20 /* Products */,
				0561F5762A60773D00B70A20 /* Main */,
				0561F56B2A6076F000B70A20 /* Assets.xcassets */,
				0561F5702A6076F000B70A20 /* Info.plist */,
			);
			path = inventoTrack;
			sourceTree = "<group>";
		};
		0561F5762A60773D00B70A20 /* Main */ = {
			isa = PBXGroup;
			children = (
				0561F5622A6076EE00B70A20 /* AppDelegate.swift */,
				0561F5642A6076EE00B70A20 /* SceneDelegate.swift */,
				0561F5682A6076EE00B70A20 /* Main.storyboard */,
				0561F56D2A6076F000B70A20 /* LaunchScreen.storyboard */,
			);
			path = Main;
			sourceTree = "<group>";
		};
		0561F5772A6078B200B70A20 /* Products */ = {
			isa = PBXGroup;
			children = (
				05CD1D0E2A6F676B0045ABB7 /* Product View Cell */,
				055537282A6A3AFD001DE13C /* Add Product View */,
				055537272A6A3AEE001DE13C /* Product Details View */,
				055537242A6A14D7001DE13C /* Products View */,
				0561F5912A607D5400B70A20 /* Data */,
				0561F5902A607D4800B70A20 /* Barcode */,
			);
			path = Products;
			sourceTree = "<group>";
		};
		0561F5782A6078BC00B70A20 /* Report */ = {
			isa = PBXGroup;
			children = (
				0561F5802A6079C500B70A20 /* ReportViewController.swift */,
			);
			path = Report;
			sourceTree = "<group>";
		};
		0561F5792A6078C500B70A20 /* Settings */ = {
			isa = PBXGroup;
			children = (
				0561F5822A6079D600B70A20 /* SettingsViewController.swift */,
				0561F58C2A607D1400B70A20 /* AccountSettingsViewController.swift */,
				0561F58E2A607D2C00B70A20 /* AboutSettingsViewController.swift */,
			);
			path = Settings;
			sourceTree = "<group>";
		};
		0561F57B2A6078DE00B70A20 /* Backup */ = {
			isa = PBXGroup;
			children = (
				0561F5842A6079E900B70A20 /* BackupViewController.swift */,
				05CD1D112A717B4B0045ABB7 /* BackupViewModel.swift */,
			);
			path = Backup;
			sourceTree = "<group>";
		};
		0561F57C2A6078FB00B70A20 /* Onboard */ = {
			isa = PBXGroup;
			children = (
				0561F5862A607A0000B70A20 /* OnboardViewController.swift */,
				0561F5942A60C53A00B70A20 /* OnboardCollectionViewCell.swift */,
			);
			path = Onboard;
			sourceTree = "<group>";
		};
		0561F57D2A60791300B70A20 /* Extra */ = {
			isa = PBXGroup;
			children = (
				0561F59D2A60ECFC00B70A20 /* PaddingLabel.swift */,
			);
			path = Extra;
			sourceTree = "<group>";
		};
		0561F5902A607D4800B70A20 /* Barcode */ = {
			isa = PBXGroup;
			children = (
				0561F5922A607D7600B70A20 /* BarcodeScannerViewController.swift */,
			);
			path = Barcode;
			sourceTree = "<group>";
		};
		0561F5912A607D5400B70A20 /* Data */ = {
			isa = PBXGroup;
			children = (
				0561F5A72A610D0B00B70A20 /* Product+CoreDataClass.swift */,
				0561F5A82A610D0B00B70A20 /* Product+CoreDataProperties.swift */,
				0561F5A42A610B6F00B70A20 /* MyProducts.xcdatamodeld */,
				0561F5B32A610D6F00B70A20 /* CoreDataManager.swift */,
			);
			path = Data;
			sourceTree = "<group>";
		};
		0561F5962A60DD5E00B70A20 /* Home */ = {
			isa = PBXGroup;
			children = (
				0561F5972A60DD8500B70A20 /* HomeViewController.swift */,
			);
			path = Home;
			sourceTree = "<group>";
		};
		05CD1D0E2A6F676B0045ABB7 /* Product View Cell */ = {
			isa = PBXGroup;
			children = (
				0561F5992A60E58D00B70A20 /* ProductCollectionViewCell.swift */,
				0561F59A2A60E58D00B70A20 /* ProductCollectionViewCell.xib */,
				0561F59F2A6102CA00B70A20 /* ProductTableViewCell.swift */,
				0561F5A02A6102CA00B70A20 /* ProductTableViewCell.xib */,
			);
			path = "Product View Cell";
			sourceTree = "<group>";
		};
/* End PBXGroup section */

/* Begin PBXNativeTarget section */
		0561F55E2A6076EE00B70A20 /* inventoTrack */ = {
			isa = PBXNativeTarget;
			buildConfigurationList = 0561F5732A6076F000B70A20 /* Build configuration list for PBXNativeTarget "inventoTrack" */;
			buildPhases = (
				0561F55B2A6076EE00B70A20 /* Sources */,
				0561F55C2A6076EE00B70A20 /* Frameworks */,
				0561F55D2A6076EE00B70A20 /* Resources */,
			);
			buildRules = (
			);
			dependencies = (
			);
			name = inventoTrack;
			packageProductDependencies = (
				055BFACD2A68A52C00B61302 /* GoogleSignIn */,
				055BFACF2A68A52C00B61302 /* GoogleSignInSwift */,
				055BFAD22A68A64000B61302 /* DGCharts */,
			);
			productName = inventoTrack;
			productReference = 0561F55F2A6076EE00B70A20 /* inventoTrack.app */;
			productType = "com.apple.product-type.application";
		};
/* End PBXNativeTarget section */

/* Begin PBXProject section */
		0561F5572A6076EE00B70A20 /* Project object */ = {
			isa = PBXProject;
			attributes = {
				BuildIndependentTargetsInParallel = 1;
				LastSwiftUpdateCheck = 1430;
				LastUpgradeCheck = 1430;
				TargetAttributes = {
					0561F55E2A6076EE00B70A20 = {
						CreatedOnToolsVersion = 14.3;
					};
				};
			};
			buildConfigurationList = 0561F55A2A6076EE00B70A20 /* Build configuration list for PBXProject "inventoTrack" */;
			compatibilityVersion = "Xcode 14.0";
			developmentRegion = en;
			hasScannedForEncodings = 0;
			knownRegions = (
				en,
				Base,
			);
			mainGroup = 0561F5562A6076EE00B70A20;
			packageReferences = (
				055BFACC2A68A52C00B61302 /* XCRemoteSwiftPackageReference "GoogleSignIn-iOS" */,
				055BFAD12A68A64000B61302 /* XCRemoteSwiftPackageReference "Charts" */,
			);
			productRefGroup = 0561F5602A6076EE00B70A20 /* Products */;
			projectDirPath = "";
			projectRoot = "";
			targets = (
				0561F55E2A6076EE00B70A20 /* inventoTrack */,
			);
		};
/* End PBXProject section */

/* Begin PBXResourcesBuildPhase section */
		0561F55D2A6076EE00B70A20 /* Resources */ = {
			isa = PBXResourcesBuildPhase;
			buildActionMask = 2147483647;
			files = (
				0561F56F2A6076F000B70A20 /* LaunchScreen.storyboard in Resources */,
				0561F56C2A6076F000B70A20 /* Assets.xcassets in Resources */,
				0561F5A22A6102CA00B70A20 /* ProductTableViewCell.xib in Resources */,
				0561F59C2A60E58D00B70A20 /* ProductCollectionViewCell.xib in Resources */,
				0561F56A2A6076EE00B70A20 /* Main.storyboard in Resources */,
			);
			runOnlyForDeploymentPostprocessing = 0;
		};
/* End PBXResourcesBuildPhase section */

/* Begin PBXSourcesBuildPhase section */
		0561F55B2A6076EE00B70A20 /* Sources */ = {
			isa = PBXSourcesBuildPhase;
			buildActionMask = 2147483647;
			files = (
				0561F5852A6079E900B70A20 /* BackupViewController.swift in Sources */,
				0555372A2A6C33D5001DE13C /* ProductsViewControllerExtension.swift in Sources */,
				0561F58F2A607D2C00B70A20 /* AboutSettingsViewController.swift in Sources */,
				0561F5932A607D7600B70A20 /* BarcodeScannerViewController.swift in Sources */,
				0561F5872A607A0000B70A20 /* OnboardViewController.swift in Sources */,
				0561F59E2A60ECFC00B70A20 /* PaddingLabel.swift in Sources */,
				0561F5A12A6102CA00B70A20 /* ProductTableViewCell.swift in Sources */,
				0561F5632A6076EE00B70A20 /* AppDelegate.swift in Sources */,
				0561F5982A60DD8500B70A20 /* HomeViewController.swift in Sources */,
				0561F57F2A6079AA00B70A20 /* ProductsViewController.swift in Sources */,
				0561F59B2A60E58D00B70A20 /* ProductCollectionViewCell.swift in Sources */,
				0561F5AE2A610D0B00B70A20 /* Product+CoreDataProperties.swift in Sources */,
				0561F5812A6079C500B70A20 /* ReportViewController.swift in Sources */,
				05CD1D102A6F6AE70045ABB7 /* AddProductViewModel.swift in Sources */,
				05CD1D122A717B4B0045ABB7 /* BackupViewModel.swift in Sources */,
				0561F5AD2A610D0B00B70A20 /* Product+CoreDataClass.swift in Sources */,
				055537262A6A1513001DE13C /* ProductsViewModel.swift in Sources */,
				0555372C2A6C53C4001DE13C /* ProductsModel.swift in Sources */,
				0561F5A62A610B6F00B70A20 /* MyProducts.xcdatamodeld in Sources */,
				0561F5652A6076EE00B70A20 /* SceneDelegate.swift in Sources */,
				0561F5B42A610D6F00B70A20 /* CoreDataManager.swift in Sources */,
				0561F5832A6079D600B70A20 /* SettingsViewController.swift in Sources */,
				0561F58D2A607D1400B70A20 /* AccountSettingsViewController.swift in Sources */,
				0561F5892A607CD600B70A20 /* ProductDetailsViewController.swift in Sources */,
				0561F5952A60C53A00B70A20 /* OnboardCollectionViewCell.swift in Sources */,
				0561F58B2A607CE700B70A20 /* AddProductViewController.swift in Sources */,
			);
			runOnlyForDeploymentPostprocessing = 0;
		};
/* End PBXSourcesBuildPhase section */

/* Begin PBXVariantGroup section */
		0561F5682A6076EE00B70A20 /* Main.storyboard */ = {
			isa = PBXVariantGroup;
			children = (
				0561F5692A6076EE00B70A20 /* Base */,
			);
			name = Main.storyboard;
			sourceTree = "<group>";
		};
		0561F56D2A6076F000B70A20 /* LaunchScreen.storyboard */ = {
			isa = PBXVariantGroup;
			children = (
				0561F56E2A6076F000B70A20 /* Base */,
			);
			name = LaunchScreen.storyboard;
			sourceTree = "<group>";
		};
/* End PBXVariantGroup section */

/* Begin XCBuildConfiguration section */
		0561F5712A6076F000B70A20 /* Debug */ = {
			isa = XCBuildConfiguration;
			buildSettings = {
				ALWAYS_SEARCH_USER_PATHS = NO;
				CLANG_ANALYZER_NONNULL = YES;
				CLANG_ANALYZER_NUMBER_OBJECT_CONVERSION = YES_AGGRESSIVE;
				CLANG_CXX_LANGUAGE_STANDARD = "gnu++20";
				CLANG_ENABLE_MODULES = YES;
				CLANG_ENABLE_OBJC_ARC = YES;
				CLANG_ENABLE_OBJC_WEAK = YES;
				CLANG_WARN_BLOCK_CAPTURE_AUTORELEASING = YES;
				CLANG_WARN_BOOL_CONVERSION = YES;
				CLANG_WARN_COMMA = YES;
				CLANG_WARN_CONSTANT_CONVERSION = YES;
				CLANG_WARN_DEPRECATED_OBJC_IMPLEMENTATIONS = YES;
				CLANG_WARN_DIRECT_OBJC_ISA_USAGE = YES_ERROR;
				CLANG_WARN_DOCUMENTATION_COMMENTS = YES;
				CLANG_WARN_EMPTY_BODY = YES;
				CLANG_WARN_ENUM_CONVERSION = YES;
				CLANG_WARN_INFINITE_RECURSION = YES;
				CLANG_WARN_INT_CONVERSION = YES;
				CLANG_WARN_NON_LITERAL_NULL_CONVERSION = YES;
				CLANG_WARN_OBJC_IMPLICIT_RETAIN_SELF = YES;
				CLANG_WARN_OBJC_LITERAL_CONVERSION = YES;
				CLANG_WARN_OBJC_ROOT_CLASS = YES_ERROR;
				CLANG_WARN_QUOTED_INCLUDE_IN_FRAMEWORK_HEADER = YES;
				CLANG_WARN_RANGE_LOOP_ANALYSIS = YES;
				CLANG_WARN_STRICT_PROTOTYPES = YES;
				CLANG_WARN_SUSPICIOUS_MOVE = YES;
				CLANG_WARN_UNGUARDED_AVAILABILITY = YES_AGGRESSIVE;
				CLANG_WARN_UNREACHABLE_CODE = YES;
				CLANG_WARN__DUPLICATE_METHOD_MATCH = YES;
				COPY_PHASE_STRIP = NO;
				DEBUG_INFORMATION_FORMAT = dwarf;
				ENABLE_STRICT_OBJC_MSGSEND = YES;
				ENABLE_TESTABILITY = YES;
				GCC_C_LANGUAGE_STANDARD = gnu11;
				GCC_DYNAMIC_NO_PIC = NO;
				GCC_NO_COMMON_BLOCKS = YES;
				GCC_OPTIMIZATION_LEVEL = 0;
				GCC_PREPROCESSOR_DEFINITIONS = (
					"DEBUG=1",
					"$(inherited)",
				);
				GCC_WARN_64_TO_32_BIT_CONVERSION = YES;
				GCC_WARN_ABOUT_RETURN_TYPE = YES_ERROR;
				GCC_WARN_UNDECLARED_SELECTOR = YES;
				GCC_WARN_UNINITIALIZED_AUTOS = YES_AGGRESSIVE;
				GCC_WARN_UNUSED_FUNCTION = YES;
				GCC_WARN_UNUSED_VARIABLE = YES;
				IPHONEOS_DEPLOYMENT_TARGET = 16.4;
				MTL_ENABLE_DEBUG_INFO = INCLUDE_SOURCE;
				MTL_FAST_MATH = YES;
				ONLY_ACTIVE_ARCH = YES;
				SDKROOT = iphoneos;
				SWIFT_ACTIVE_COMPILATION_CONDITIONS = DEBUG;
				SWIFT_OPTIMIZATION_LEVEL = "-Onone";
			};
			name = Debug;
		};
		0561F5722A6076F000B70A20 /* Release */ = {
			isa = XCBuildConfiguration;
			buildSettings = {
				ALWAYS_SEARCH_USER_PATHS = NO;
				CLANG_ANALYZER_NONNULL = YES;
				CLANG_ANALYZER_NUMBER_OBJECT_CONVERSION = YES_AGGRESSIVE;
				CLANG_CXX_LANGUAGE_STANDARD = "gnu++20";
				CLANG_ENABLE_MODULES = YES;
				CLANG_ENABLE_OBJC_ARC = YES;
				CLANG_ENABLE_OBJC_WEAK = YES;
				CLANG_WARN_BLOCK_CAPTURE_AUTORELEASING = YES;
				CLANG_WARN_BOOL_CONVERSION = YES;
				CLANG_WARN_COMMA = YES;
				CLANG_WARN_CONSTANT_CONVERSION = YES;
				CLANG_WARN_DEPRECATED_OBJC_IMPLEMENTATIONS = YES;
				CLANG_WARN_DIRECT_OBJC_ISA_USAGE = YES_ERROR;
				CLANG_WARN_DOCUMENTATION_COMMENTS = YES;
				CLANG_WARN_EMPTY_BODY = YES;
				CLANG_WARN_ENUM_CONVERSION = YES;
				CLANG_WARN_INFINITE_RECURSION = YES;
				CLANG_WARN_INT_CONVERSION = YES;
				CLANG_WARN_NON_LITERAL_NULL_CONVERSION = YES;
				CLANG_WARN_OBJC_IMPLICIT_RETAIN_SELF = YES;
				CLANG_WARN_OBJC_LITERAL_CONVERSION = YES;
				CLANG_WARN_OBJC_ROOT_CLASS = YES_ERROR;
				CLANG_WARN_QUOTED_INCLUDE_IN_FRAMEWORK_HEADER = YES;
				CLANG_WARN_RANGE_LOOP_ANALYSIS = YES;
				CLANG_WARN_STRICT_PROTOTYPES = YES;
				CLANG_WARN_SUSPICIOUS_MOVE = YES;
				CLANG_WARN_UNGUARDED_AVAILABILITY = YES_AGGRESSIVE;
				CLANG_WARN_UNREACHABLE_CODE = YES;
				CLANG_WARN__DUPLICATE_METHOD_MATCH = YES;
				COPY_PHASE_STRIP = NO;
				DEBUG_INFORMATION_FORMAT = "dwarf-with-dsym";
				ENABLE_NS_ASSERTIONS = NO;
				ENABLE_STRICT_OBJC_MSGSEND = YES;
				GCC_C_LANGUAGE_STANDARD = gnu11;
				GCC_NO_COMMON_BLOCKS = YES;
				GCC_WARN_64_TO_32_BIT_CONVERSION = YES;
				GCC_WARN_ABOUT_RETURN_TYPE = YES_ERROR;
				GCC_WARN_UNDECLARED_SELECTOR = YES;
				GCC_WARN_UNINITIALIZED_AUTOS = YES_AGGRESSIVE;
				GCC_WARN_UNUSED_FUNCTION = YES;
				GCC_WARN_UNUSED_VARIABLE = YES;
				IPHONEOS_DEPLOYMENT_TARGET = 16.4;
				MTL_ENABLE_DEBUG_INFO = NO;
				MTL_FAST_MATH = YES;
				SDKROOT = iphoneos;
				SWIFT_COMPILATION_MODE = wholemodule;
				SWIFT_OPTIMIZATION_LEVEL = "-O";
				VALIDATE_PRODUCT = YES;
			};
			name = Release;
		};
		0561F5742A6076F000B70A20 /* Debug */ = {
			isa = XCBuildConfiguration;
			buildSettings = {
				ASSETCATALOG_COMPILER_APPICON_NAME = AppIcon;
				ASSETCATALOG_COMPILER_GLOBAL_ACCENT_COLOR_NAME = AccentColor;
				CODE_SIGN_IDENTITY = "Apple Development";
				CODE_SIGN_STYLE = Automatic;
				CURRENT_PROJECT_VERSION = 1;
				DEVELOPMENT_TEAM = 8V9ML7HL9W;
				GENERATE_INFOPLIST_FILE = YES;
				INFOPLIST_FILE = inventoTrack/Info.plist;
				INFOPLIST_KEY_CFBundleDisplayName = inventoTrack;
				INFOPLIST_KEY_LSApplicationCategoryType = "public.app-category.utilities";
				INFOPLIST_KEY_NSCameraUsageDescription = "Access Camera to Capture Photo and Barcode";
				INFOPLIST_KEY_UIApplicationSupportsIndirectInputEvents = YES;
				INFOPLIST_KEY_UILaunchStoryboardName = LaunchScreen.storyboard;
				INFOPLIST_KEY_UIMainStoryboardFile = Main;
				INFOPLIST_KEY_UIStatusBarStyle = "";
				INFOPLIST_KEY_UISupportedInterfaceOrientations = UIInterfaceOrientationPortrait;
				LD_RUNPATH_SEARCH_PATHS = (
					"$(inherited)",
					"@executable_path/Frameworks",
				);
				MARKETING_VERSION = 1.0;
				PRODUCT_BUNDLE_IDENTIFIER = inventoTrack.jcdevworks;
				PRODUCT_NAME = "$(TARGET_NAME)";
				PROVISIONING_PROFILE_SPECIFIER = "";
				SUPPORTED_PLATFORMS = "iphoneos iphonesimulator";
				SUPPORTS_MACCATALYST = NO;
				SUPPORTS_MAC_DESIGNED_FOR_IPHONE_IPAD = NO;
				SWIFT_EMIT_LOC_STRINGS = YES;
				SWIFT_VERSION = 5.0;
				TARGETED_DEVICE_FAMILY = 1;
			};
			name = Debug;
		};
		0561F5752A6076F000B70A20 /* Release */ = {
			isa = XCBuildConfiguration;
			buildSettings = {
				ASSETCATALOG_COMPILER_APPICON_NAME = AppIcon;
				ASSETCATALOG_COMPILER_GLOBAL_ACCENT_COLOR_NAME = AccentColor;
				CODE_SIGN_IDENTITY = "Apple Development";
				CODE_SIGN_STYLE = Automatic;
				CURRENT_PROJECT_VERSION = 1;
				DEVELOPMENT_TEAM = 8V9ML7HL9W;
				GENERATE_INFOPLIST_FILE = YES;
				INFOPLIST_FILE = inventoTrack/Info.plist;
				INFOPLIST_KEY_CFBundleDisplayName = inventoTrack;
				INFOPLIST_KEY_LSApplicationCategoryType = "public.app-category.utilities";
				INFOPLIST_KEY_NSCameraUsageDescription = "Access Camera to Capture Photo and Barcode";
				INFOPLIST_KEY_UIApplicationSupportsIndirectInputEvents = YES;
				INFOPLIST_KEY_UILaunchStoryboardName = LaunchScreen.storyboard;
				INFOPLIST_KEY_UIMainStoryboardFile = Main;
				INFOPLIST_KEY_UIStatusBarStyle = "";
				INFOPLIST_KEY_UISupportedInterfaceOrientations = UIInterfaceOrientationPortrait;
				LD_RUNPATH_SEARCH_PATHS = (
					"$(inherited)",
					"@executable_path/Frameworks",
				);
				MARKETING_VERSION = 1.0;
				PRODUCT_BUNDLE_IDENTIFIER = inventoTrack.jcdevworks;
				PRODUCT_NAME = "$(TARGET_NAME)";
				PROVISIONING_PROFILE_SPECIFIER = "";
				SUPPORTED_PLATFORMS = "iphoneos iphonesimulator";
				SUPPORTS_MACCATALYST = NO;
				SUPPORTS_MAC_DESIGNED_FOR_IPHONE_IPAD = NO;
				SWIFT_EMIT_LOC_STRINGS = YES;
				SWIFT_VERSION = 5.0;
				TARGETED_DEVICE_FAMILY = 1;
			};
			name = Release;
		};
/* End XCBuildConfiguration section */

/* Begin XCConfigurationList section */
		0561F55A2A6076EE00B70A20 /* Build configuration list for PBXProject "inventoTrack" */ = {
			isa = XCConfigurationList;
			buildConfigurations = (
				0561F5712A6076F000B70A20 /* Debug */,
				0561F5722A6076F000B70A20 /* Release */,
			);
			defaultConfigurationIsVisible = 0;
			defaultConfigurationName = Release;
		};
		0561F5732A6076F000B70A20 /* Build configuration list for PBXNativeTarget "inventoTrack" */ = {
			isa = XCConfigurationList;
			buildConfigurations = (
				0561F5742A6076F000B70A20 /* Debug */,
				0561F5752A6076F000B70A20 /* Release */,
			);
			defaultConfigurationIsVisible = 0;
			defaultConfigurationName = Release;
		};
/* End XCConfigurationList section */

/* Begin XCRemoteSwiftPackageReference section */
		055BFACC2A68A52C00B61302 /* XCRemoteSwiftPackageReference "GoogleSignIn-iOS" */ = {
			isa = XCRemoteSwiftPackageReference;
			repositoryURL = "https://github.com/google/GoogleSignIn-iOS";
			requirement = {
				kind = upToNextMajorVersion;
				minimumVersion = 7.0.0;
			};
		};
		055BFAD12A68A64000B61302 /* XCRemoteSwiftPackageReference "Charts" */ = {
			isa = XCRemoteSwiftPackageReference;
			repositoryURL = "https://github.com/danielgindi/Charts";
			requirement = {
				kind = upToNextMajorVersion;
				minimumVersion = 5.0.0;
			};
		};
/* End XCRemoteSwiftPackageReference section */

/* Begin XCSwiftPackageProductDependency section */
		055BFACD2A68A52C00B61302 /* GoogleSignIn */ = {
			isa = XCSwiftPackageProductDependency;
			package = 055BFACC2A68A52C00B61302 /* XCRemoteSwiftPackageReference "GoogleSignIn-iOS" */;
			productName = GoogleSignIn;
		};
		055BFACF2A68A52C00B61302 /* GoogleSignInSwift */ = {
			isa = XCSwiftPackageProductDependency;
			package = 055BFACC2A68A52C00B61302 /* XCRemoteSwiftPackageReference "GoogleSignIn-iOS" */;
			productName = GoogleSignInSwift;
		};
		055BFAD22A68A64000B61302 /* DGCharts */ = {
			isa = XCSwiftPackageProductDependency;
			package = 055BFAD12A68A64000B61302 /* XCRemoteSwiftPackageReference "Charts" */;
			productName = DGCharts;
		};
/* End XCSwiftPackageProductDependency section */

/* Begin XCVersionGroup section */
		0561F5A42A610B6F00B70A20 /* MyProducts.xcdatamodeld */ = {
			isa = XCVersionGroup;
			children = (
				0561F5A52A610B6F00B70A20 /* MyProducts.xcdatamodel */,
			);
			currentVersion = 0561F5A52A610B6F00B70A20 /* MyProducts.xcdatamodel */;
			path = MyProducts.xcdatamodeld;
			sourceTree = "<group>";
			versionGroupType = wrapper.xcdatamodel;
		};
/* End XCVersionGroup section */
	};
	rootObject = 0561F5572A6076EE00B70A20 /* Project object */;
}
